{
  "name": "thylang",
  "version": "1.0.0",
  "lockfileVersion": 2,
  "requires": true,
  "packages": {
    "": {
      "name": "thylang",
      "version": "1.0.0",
      "license": "MIT",
      "dependencies": {
        "chevrotain": "^9.0.1",
        "lezer": "^0.13.0",
        "lodash": "^4.17.21"
      },
      "devDependencies": {
        "@tsconfig/node14": "^1.0.1",
        "@types/lodash": "^4.14.168",
        "@types/node": "15.12.1",
        "typescript": "^4.4.0-beta"
      }
    },
    "node_modules/@chevrotain/types": {
      "version": "9.0.2",
      "resolved": "https://registry.npmjs.org/@chevrotain/types/-/types-9.0.2.tgz",
      "integrity": "sha512-lo1dQPX7DQffJb26eaYLEy4/jUTFmsGKa43mDvMNAHwItEgUQHUkTZR0iAkHG0aJv8ejM/KqYpRVSNetrOK8qw=="
    },
    "node_modules/@chevrotain/utils": {
      "version": "9.0.2",
      "resolved": "https://registry.npmjs.org/@chevrotain/utils/-/utils-9.0.2.tgz",
      "integrity": "sha512-iTju1VpbGruWagXS/XswuqeimOCRNeDvrXLlWHYsHp1qTU8sJfAfLiX5vs7DNxB1px6N8VWVI0SD8vMUksNBYw=="
    },
    "node_modules/@tsconfig/node14": {
      "version": "1.0.1",
      "resolved": "https://registry.npmjs.org/@tsconfig/node14/-/node14-1.0.1.tgz",
      "integrity": "sha512-509r2+yARFfHHE7T6Puu2jjkoycftovhXRqW328PDXTVGKihlb1P8Z9mMZH04ebyajfRY7dedfGynlrFHJUQCg==",
      "dev": true
    },
    "node_modules/@types/lodash": {
      "version": "4.14.171",
      "resolved": "https://registry.npmjs.org/@types/lodash/-/lodash-4.14.171.tgz",
      "integrity": "sha512-7eQ2xYLLI/LsicL2nejW9Wyko3lcpN6O/z0ZLHrEQsg280zIdCv1t/0m6UtBjUHokCGBQ3gYTbHzDkZ1xOBwwg==",
      "dev": true
    },
    "node_modules/@types/node": {
      "version": "15.12.1",
      "resolved": "https://registry.npmjs.org/@types/node/-/node-15.12.1.tgz",
      "integrity": "sha512-zyxJM8I1c9q5sRMtVF+zdd13Jt6RU4r4qfhTd7lQubyThvLfx6yYekWSQjGCGV2Tkecgxnlpl/DNlb6Hg+dmEw==",
      "dev": true
    },
    "node_modules/chevrotain": {
      "version": "9.0.2",
      "resolved": "https://registry.npmjs.org/chevrotain/-/chevrotain-9.0.2.tgz",
      "integrity": "sha512-6ZjgUdGvU4j1n1b2hTjb79Vr2V+qNtmP7f8FVt79+kdAYcUj2QfYNwI8ycCVsgHD/dIeO5Vr1hckkkfliVQTfg==",
      "license": "Apache-2.0",
      "dependencies": {
        "@chevrotain/types": "^9.0.2",
        "@chevrotain/utils": "^9.0.2",
        "regexp-to-ast": "0.5.0"
      }
    },
    "node_modules/lezer": {
      "version": "0.13.5",
      "resolved": "https://registry.npmjs.org/lezer/-/lezer-0.13.5.tgz",
      "integrity": "sha512-cAiMQZGUo2BD8mpcz7Nv1TlKzWP7YIdIRrX41CiP5bk5t4GHxskOxWUx2iAOuHlz8dO+ivbuXr0J1bfHsWD+lQ==",
      "dependencies": {
        "lezer-tree": "^0.13.2"
      }
    },
    "node_modules/lezer-tree": {
      "version": "0.13.2",
      "resolved": "https://registry.npmjs.org/lezer-tree/-/lezer-tree-0.13.2.tgz",
      "integrity": "sha512-15ZxW8TxVNAOkHIo43Iouv4zbSkQQ5chQHBpwXcD2bBFz46RB4jYLEEww5l1V0xyIx9U2clSyyrLes+hAUFrGQ=="
    },
    "node_modules/lodash": {
      "version": "4.17.21",
      "resolved": "https://registry.npmjs.org/lodash/-/lodash-4.17.21.tgz",
      "integrity": "sha512-v2kDEe57lecTulaDIuNTPy3Ry4gLGJ6Z1O3vE1krgXZNrsQ+LFTGHVxVjcXPs17LhbZVGedAJv8XZ1tvj5FvSg=="
    },
    "node_modules/regexp-to-ast": {
      "version": "0.5.0",
      "resolved": "https://registry.npmjs.org/regexp-to-ast/-/regexp-to-ast-0.5.0.tgz",
      "integrity": "sha512-tlbJqcMHnPKI9zSrystikWKwHkBqu2a/Sgw01h3zFjvYrMxEDYHzzoMZnUrbIfpTFEsoRnnviOXNCzFiSc54Qw=="
    },
    "node_modules/typescript": {
      "version": "4.4.0-dev.20210729",
      "resolved": "https://registry.npmjs.org/typescript/-/typescript-4.4.0-dev.20210729.tgz",
      "integrity": "sha512-ZIYTAUPLzZzBvizIbq1cXnEA3H3GcDMMRxRaWbt5S+yxnmzYU88KCC5eYo6myHuk3ipXDGdiM58nnqjMEM6hgw==",
      "dev": true,
      "bin": {
        "tsc": "bin/tsc",
        "tsserver": "bin/tsserver"
      },
      "engines": {
        "node": ">=4.2.0"
      }
    }
  },
  "dependencies": {
    "@chevrotain/types": {
      "version": "9.0.2",
      "resolved": "https://registry.npmjs.org/@chevrotain/types/-/types-9.0.2.tgz",
      "integrity": "sha512-lo1dQPX7DQffJb26eaYLEy4/jUTFmsGKa43mDvMNAHwItEgUQHUkTZR0iAkHG0aJv8ejM/KqYpRVSNetrOK8qw=="
    },
    "@chevrotain/utils": {
      "version": "9.0.2",
      "resolved": "https://registry.npmjs.org/@chevrotain/utils/-/utils-9.0.2.tgz",
      "integrity": "sha512-iTju1VpbGruWagXS/XswuqeimOCRNeDvrXLlWHYsHp1qTU8sJfAfLiX5vs7DNxB1px6N8VWVI0SD8vMUksNBYw=="
    },
    "@tsconfig/node14": {
      "version": "1.0.1",
      "resolved": "https://registry.npmjs.org/@tsconfig/node14/-/node14-1.0.1.tgz",
      "integrity": "sha512-509r2+yARFfHHE7T6Puu2jjkoycftovhXRqW328PDXTVGKihlb1P8Z9mMZH04ebyajfRY7dedfGynlrFHJUQCg==",
      "dev": true
    },
    "@types/lodash": {
      "version": "4.14.171",
      "resolved": "https://registry.npmjs.org/@types/lodash/-/lodash-4.14.171.tgz",
      "integrity": "sha512-7eQ2xYLLI/LsicL2nejW9Wyko3lcpN6O/z0ZLHrEQsg280zIdCv1t/0m6UtBjUHokCGBQ3gYTbHzDkZ1xOBwwg==",
      "dev": true
    },
    "@types/node": {
      "version": "15.12.1",
      "resolved": "https://registry.npmjs.org/@types/node/-/node-15.12.1.tgz",
      "integrity": "sha512-zyxJM8I1c9q5sRMtVF+zdd13Jt6RU4r4qfhTd7lQubyThvLfx6yYekWSQjGCGV2Tkecgxnlpl/DNlb6Hg+dmEw==",
      "dev": true
    },
    "chevrotain": {
      "version": "9.0.2",
      "resolved": "https://registry.npmjs.org/chevrotain/-/chevrotain-9.0.2.tgz",
      "integrity": "sha512-6ZjgUdGvU4j1n1b2hTjb79Vr2V+qNtmP7f8FVt79+kdAYcUj2QfYNwI8ycCVsgHD/dIeO5Vr1hckkkfliVQTfg==",
      "requires": {
        "@chevrotain/types": "^9.0.2",
        "@chevrotain/utils": "^9.0.2",
        "regexp-to-ast": "0.5.0"
      }
    },
    "lezer": {
      "version": "0.13.5",
      "resolved": "https://registry.npmjs.org/lezer/-/lezer-0.13.5.tgz",
      "integrity": "sha512-cAiMQZGUo2BD8mpcz7Nv1TlKzWP7YIdIRrX41CiP5bk5t4GHxskOxWUx2iAOuHlz8dO+ivbuXr0J1bfHsWD+lQ==",
      "requires": {
        "lezer-tree": "^0.13.2"
      }
    },
    "lezer-tree": {
      "version": "0.13.2",
      "resolved": "https://registry.npmjs.org/lezer-tree/-/lezer-tree-0.13.2.tgz",
      "integrity": "sha512-15ZxW8TxVNAOkHIo43Iouv4zbSkQQ5chQHBpwXcD2bBFz46RB4jYLEEww5l1V0xyIx9U2clSyyrLes+hAUFrGQ=="
    },
    "lodash": {
      "version": "4.17.21",
      "resolved": "https://registry.npmjs.org/lodash/-/lodash-4.17.21.tgz",
      "integrity": "sha512-v2kDEe57lecTulaDIuNTPy3Ry4gLGJ6Z1O3vE1krgXZNrsQ+LFTGHVxVjcXPs17LhbZVGedAJv8XZ1tvj5FvSg=="
    },
    "regexp-to-ast": {
      "version": "0.5.0",
      "resolved": "https://registry.npmjs.org/regexp-to-ast/-/regexp-to-ast-0.5.0.tgz",
      "integrity": "sha512-tlbJqcMHnPKI9zSrystikWKwHkBqu2a/Sgw01h3zFjvYrMxEDYHzzoMZnUrbIfpTFEsoRnnviOXNCzFiSc54Qw=="
    },
    "typescript": {
      "version": "4.4.0-dev.20210729",
      "resolved": "https://registry.npmjs.org/typescript/-/typescript-4.4.0-dev.20210729.tgz",
      "integrity": "sha512-ZIYTAUPLzZzBvizIbq1cXnEA3H3GcDMMRxRaWbt5S+yxnmzYU88KCC5eYo6myHuk3ipXDGdiM58nnqjMEM6hgw==",
      "dev": true
    }
  }
}
