{
  "version": "5",
  "specifiers": {
    "npm:expect@^28.1.3": "28.1.3",
    "npm:under-the-sun@^2.2.0": "2.2.0"
  },
  "npm": {
    "@babel/code-frame@7.29.7": {
      "integrity": "sha512-Aup7aUOfpbAUg2ROOJN6Iw5f9DMBlzu0mIkm/malLQFN/YQgO48wCj0Kxa3sEHJvPVFg7siR+qRInwXd2qhQKw==",
      "dependencies": [
        "@babel/helper-validator-identifier",
        "js-tokens",
        "picocolors"
      ]
    },
    "@babel/helper-validator-identifier@7.29.7": {
      "integrity": "sha512-qehxGkRj55h/ff8EMaJ+cYhyaKlHIxqYDn682wQD7RNp9UujOQsHog2uS0r2vzr4pW+sXf90NeeayjcNaX3fFg=="
    },
    "@jest/expect-utils@28.1.3": {
      "integrity": "sha512-wvbi9LUrHJLn3NlDW6wF2hvIMtd4JUl2QNVrjq+IBSHirgfrR3o9RnVtxzdEGO2n9JyIWwHnLfby5KzqBGg2YA==",
      "dependencies": [
        "jest-get-type"
      ]
    },
    "@jest/schemas@28.1.3": {
      "integrity": "sha512-/l/VWsdt/aBXgjshLWOFyFt3IVdYypu5y2Wn2rOO1un6nkqIn8SLXzgIMYXFyYsRWDyF5EthmKJMIdJvk08grg==",
      "dependencies": [
        "@sinclair/typebox"
      ]
    },
    "@jest/types@28.1.3": {
      "integrity": "sha512-RyjiyMUZrKz/c+zlMFO1pm70DcIlST8AeWTkoUdZevew44wcNZQHsEVOiCVtgVnlFFD82FPaXycys58cf2muVQ==",
      "dependencies": [
        "@jest/schemas",
        "@types/istanbul-lib-coverage",
        "@types/istanbul-reports",
        "@types/node",
        "@types/yargs",
        "chalk"
      ]
    },
    "@sinclair/typebox@0.24.51": {
      "integrity": "sha512-1P1OROm/rdubP5aFDSZQILU0vrLCJ4fvHt6EoqHEM+2D/G5MK3bIaymUKLit8Js9gbns5UyJnkP/TZROLw4tUA=="
    },
    "@types/istanbul-lib-coverage@2.0.6": {
      "integrity": "sha512-2QF/t/auWm0lsy8XtKVPG19v3sSOQlJe/YHZgfjb/KBBHOGSV+J2q/S671rcq9uTBrLAXmZpqJiaQbMT+zNU1w=="
    },
    "@types/istanbul-lib-report@3.0.3": {
      "integrity": "sha512-NQn7AHQnk/RSLOxrBbGyJM/aVQ+pjj5HCgasFxc0K/KhoATfQ/47AyUl15I2yBUpihjmas+a+VJBOqecrFH+uA==",
      "dependencies": [
        "@types/istanbul-lib-coverage"
      ]
    },
    "@types/istanbul-reports@3.0.4": {
      "integrity": "sha512-pk2B1NWalF9toCRu6gjBzR69syFjP4Od8WRAX+0mmf9lAjCRicLOWc+ZrxZHx/0XRjotgkF9t6iaMJ+aXcOdZQ==",
      "dependencies": [
        "@types/istanbul-lib-report"
      ]
    },
    "@types/node@25.9.1": {
      "integrity": "sha512-xfrlY7UD5rMJk3ZVJP8BNzS28J36YJg+xp+LPXV1TdWxr8uMH5A860QNxYDGQe/ylDSgjxE52Q9VnO7p75tJxg==",
      "dependencies": [
        "undici-types"
      ]
    },
    "@types/stack-utils@2.0.3": {
      "integrity": "sha512-9aEbYZ3TbYMznPdcdr3SmIrLXwC/AKZXQeCf9Pgao5CKb8CyHuEX5jzWPTkvregvhRJHcpRO6BFoGW9ycaOkYw=="
    },
    "@types/yargs-parser@21.0.3": {
      "integrity": "sha512-I4q9QU9MQv4oEOz4tAHJtNz1cwuLxn2F3xcc2iV5WdqLPpUnj30aUuxt1mAxYTG+oe8CZMV/+6rU4S4gRDzqtQ=="
    },
    "@types/yargs@17.0.35": {
      "integrity": "sha512-qUHkeCyQFxMXg79wQfTtfndEC+N9ZZg76HJftDJp+qH2tV7Gj4OJi7l+PiWwJ+pWtW8GwSmqsDj/oymhrTWXjg==",
      "dependencies": [
        "@types/yargs-parser"
      ]
    },
    "ansi-regex@5.0.1": {
      "integrity": "sha512-quJQXlTSUGL2LH9SUXo8VwsY4soanhgo6LNSm84E1LBcE8s3O0wpdiRzyR9z/ZZJMlMWv37qOOb9pdJlMUEKFQ=="
    },
    "ansi-styles@4.3.0": {
      "integrity": "sha512-zbB9rCJAT1rbjiVDb2hqKFHNYLxgtk8NURxZ3IZwD3F6NtxbXZQCnnSi1Lkx+IDohdPlFp222wVALIheZJQSEg==",
      "dependencies": [
        "color-convert"
      ]
    },
    "ansi-styles@5.2.0": {
      "integrity": "sha512-Cxwpt2SfTzTtXcfOlzGEee8O+c+MmUgGrNiBcXnuWxuFJHe6a5Hz7qwhwe5OgaSYI0IJvkLqWX1ASG+cJOkEiA=="
    },
    "braces@3.0.3": {
      "integrity": "sha512-yQbXgO/OSZVD2IsiLlro+7Hf6Q18EJrKSEsdoMzKePKXct3gvD8oLcOQdIzGupr5Fj+EDe8gO/lxc1BzfMpxvA==",
      "dependencies": [
        "fill-range"
      ]
    },
    "chalk@4.1.2": {
      "integrity": "sha512-oKnbhFyRIXpUuez8iBMmyEa4nbj4IOQyuhc/wy9kY7/WVPcwIO9VA668Pu8RkO7+0G76SLROeyw9CpQ061i4mA==",
      "dependencies": [
        "ansi-styles@4.3.0",
        "supports-color"
      ]
    },
    "ci-info@3.9.0": {
      "integrity": "sha512-NIxF55hv4nSqQswkAeiOi1r83xy8JldOFDTWiug55KBu9Jnblncd2U6ViHmYgHf01TPZS77NJBhBMKdWj9HQMQ=="
    },
    "color-convert@2.0.1": {
      "integrity": "sha512-RRECPsj7iu/xb5oKYcsFHSppFNnsj/52OVTRKb4zP5onXwVF3zVmmToNcOfGC+CRDpfK/U584fMg38ZHCaElKQ==",
      "dependencies": [
        "color-name"
      ]
    },
    "color-name@1.1.4": {
      "integrity": "sha512-dOy+3AuW3a2wNbZHIuMZpTcgjGuLU/uBL/ubcZF9OXbDo8ff4O8yVp5Bf0efS8uEoYo5q4Fx7dY9OgQGXgAsQA=="
    },
    "diff-sequences@28.1.1": {
      "integrity": "sha512-FU0iFaH/E23a+a718l8Qa/19bF9p06kgE0KipMOMadwa3SjnaElKzPaUC0vnibs6/B/9ni97s61mcejk8W1fQw=="
    },
    "escape-string-regexp@2.0.0": {
      "integrity": "sha512-UpzcLCXolUWcNu5HtVMHYdXJjArjsF9C0aNnquZYY4uW/Vu0miy5YoWvbV345HauVvcAUnpRuhMMcqTcGOY2+w=="
    },
    "expect@28.1.3": {
      "integrity": "sha512-eEh0xn8HlsuOBxFgIss+2mX85VAS4Qy3OSkjV7rlBWljtA4oWH37glVGyOZSZvErDT/yBywZdPGwCXuTvSG85g==",
      "dependencies": [
        "@jest/expect-utils",
        "jest-get-type",
        "jest-matcher-utils",
        "jest-message-util",
        "jest-util"
      ]
    },
    "fill-range@7.1.1": {
      "integrity": "sha512-YsGpe3WHLK8ZYi4tWDg2Jy3ebRz2rXowDxnld4bkQB00cc/1Zw9AWnC0i9ztDJitivtQvaI9KaLyKrc+hBW0yg==",
      "dependencies": [
        "to-regex-range"
      ]
    },
    "graceful-fs@4.2.11": {
      "integrity": "sha512-RbJ5/jmFcNNCcDV5o9eTnBLJ/HszWV0P73bc+Ff4nS/rJj+YaS6IGyiOL0VoBYX+l1Wrl3k63h/KrH+nhJ0XvQ=="
    },
    "has-flag@4.0.0": {
      "integrity": "sha512-EykJT/Q1KjTWctppgIAgfSO0tKVuZUjhgMr17kqTumMl6Afv3EISleU7qZUzoXDFTAHTDC4NOoG/ZxU3EvlMPQ=="
    },
    "is-number@7.0.0": {
      "integrity": "sha512-41Cifkg6e8TylSpdtTpeLVMqvSBEVzTttHvERD741+pnZ8ANv0004MRL43QKPDlK9cGvNp6NZWZUBlbGXYxxng=="
    },
    "jest-diff@28.1.3": {
      "integrity": "sha512-8RqP1B/OXzjjTWkqMX67iqgwBVJRgCyKD3L9nq+6ZqJMdvjE8RgHktqZ6jNrkdMT+dJuYNI3rhQpxaz7drJHfw==",
      "dependencies": [
        "chalk",
        "diff-sequences",
        "jest-get-type",
        "pretty-format"
      ]
    },
    "jest-get-type@28.0.2": {
      "integrity": "sha512-ioj2w9/DxSYHfOm5lJKCdcAmPJzQXmbM/Url3rhlghrPvT3tt+7a/+oXc9azkKmLvoiXjtV83bEWqi+vs5nlPA=="
    },
    "jest-matcher-utils@28.1.3": {
      "integrity": "sha512-kQeJ7qHemKfbzKoGjHHrRKH6atgxMk8Enkk2iPQ3XwO6oE/KYD8lMYOziCkeSB9G4adPM4nR1DE8Tf5JeWH6Bw==",
      "dependencies": [
        "chalk",
        "jest-diff",
        "jest-get-type",
        "pretty-format"
      ]
    },
    "jest-message-util@28.1.3": {
      "integrity": "sha512-PFdn9Iewbt575zKPf1286Ht9EPoJmYT7P0kY+RibeYZ2XtOr53pDLEFoTWXbd1h4JiGiWpTBC84fc8xMXQMb7g==",
      "dependencies": [
        "@babel/code-frame",
        "@jest/types",
        "@types/stack-utils",
        "chalk",
        "graceful-fs",
        "micromatch",
        "pretty-format",
        "slash",
        "stack-utils"
      ]
    },
    "jest-util@28.1.3": {
      "integrity": "sha512-XdqfpHwpcSRko/C35uLYFM2emRAltIIKZiJ9eAmhjsj0CqZMa0p1ib0R5fWIqGhn1a103DebTbpqIaP1qCQ6tQ==",
      "dependencies": [
        "@jest/types",
        "@types/node",
        "chalk",
        "ci-info",
        "graceful-fs",
        "picomatch"
      ]
    },
    "js-tokens@4.0.0": {
      "integrity": "sha512-RdJUflcE3cUzKiMqQgsCu06FPu9UdIJO0beYbPhHN4k6apgJtifcoCtT9bcxOpYBtpD2kCM6Sbzg4CausW/PKQ=="
    },
    "micromatch@4.0.8": {
      "integrity": "sha512-PXwfBhYu0hBCPw8Dn0E+WDYb7af3dSLVWKi3HGv84IdF4TyFoC0ysxFd0Goxw7nSv4T/PzEJQxsYsEiFCKo2BA==",
      "dependencies": [
        "braces",
        "picomatch"
      ]
    },
    "picocolors@1.1.1": {
      "integrity": "sha512-xceH2snhtb5M9liqDsmEw56le376mTZkEX/jEb/RxNFyegNul7eNslCXP9FDj/Lcu0X8KEyMceP2ntpaHrDEVA=="
    },
    "picomatch@2.3.2": {
      "integrity": "sha512-V7+vQEJ06Z+c5tSye8S+nHUfI51xoXIXjHQ99cQtKUkQqqO1kO/KCJUfZXuB47h/YBlDhah2H3hdUGXn8ie0oA=="
    },
    "pretty-format@28.1.3": {
      "integrity": "sha512-8gFb/To0OmxHR9+ZTb14Df2vNxdGCX8g1xWGUTqUw5TiZvcQf5sHKObd5UcPyLLyowNwDAMTF3XWOG1B6mxl1Q==",
      "dependencies": [
        "@jest/schemas",
        "ansi-regex",
        "ansi-styles@5.2.0",
        "react-is"
      ]
    },
    "react-is@18.3.1": {
      "integrity": "sha512-/LLMVyas0ljjAtoYiPqYiL8VWXzUUdThrmU5+n20DZv+a+ClRoevUzw5JxU+Ieh5/c87ytoTBV9G1FiKfNJdmg=="
    },
    "slash@3.0.0": {
      "integrity": "sha512-g9Q1haeby36OSStwb4ntCGGGaKsaVSjQ68fBxoQcutl5fS1vuY18H3wSt3jFyFtrkx+Kz0V1G85A4MyAdDMi2Q=="
    },
    "stack-utils@2.0.6": {
      "integrity": "sha512-XlkWvfIm6RmsWtNJx+uqtKLS8eqFbxUg0ZzLXqY0caEy9l7hruX8IpiDnjsLavoBgqCCR71TqWO8MaXYheJ3RQ==",
      "dependencies": [
        "escape-string-regexp"
      ]
    },
    "supports-color@7.2.0": {
      "integrity": "sha512-qpCAvRl9stuOHveKsn7HncJRvv501qIacKzQlO/+Lwxc9+0q2wLyv4Dfvt80/DPn2pqOBsJdDiogXGR9+OvwRw==",
      "dependencies": [
        "has-flag"
      ]
    },
    "to-regex-range@5.0.1": {
      "integrity": "sha512-65P7iz6X5yEr1cwcgvQxbbIw7Uk3gOy5dIdtZ4rDveLqhrdJP+Li/Hx6tyK0NEb+2GCyneCMJiGqrADCSNk8sQ==",
      "dependencies": [
        "is-number"
      ]
    },
    "under-the-sun@2.2.0": {
      "integrity": "sha512-lsFfSB+DACiYF1kdBRJjdzX7JyjIm/hldg1utASRV8H/yZHwQl8VbkJHEIIYYUWpwWHwSWkAxhWpg37CK/vKbg==",
      "bin": true
    },
    "undici-types@7.24.6": {
      "integrity": "sha512-WRNW+sJgj5OBN4/0JpHFqtqzhpbnV0GuB+OozA9gCL7a993SmU+1JBZCzLNxYsbMfIeDL+lTsphD5jN5N+n0zg=="
    }
  },
  "workspace": {
    "dependencies": [
      "npm:expect@^28.1.3",
      "npm:under-the-sun@^2.2.0"
    ]
  }
}
